{
    "_readme": [
        "This file locks the dependencies of your project to a known state",
        "Read more about it at https://getcomposer.org/doc/01-basic-usage.md#composer-lock-the-lock-file",
        "This file is @generated automatically"
    ],
    "hash": "db46cdff8715212060808ea7d5fc2260",
    "content-hash": "0f501ae6dec4254643d1021500073672",
    "packages": [
        {
            "name": "danielgelling/http",
            "version": "dev-master",
            "source": {
                "type": "git",
                "url": "https://github.com/danielgelling/http.git",
                "reference": "58084a060e6cc66f53bb87027c09110c4c8cabaf"
            },
            "dist": {
                "type": "zip",
                "url": "https://api.github.com/repos/danielgelling/http/zipball/58084a060e6cc66f53bb87027c09110c4c8cabaf",
                "reference": "58084a060e6cc66f53bb87027c09110c4c8cabaf",
                "shasum": ""
            },
            "require": {
                "php": ">=5.5.9"
            },
            "type": "library",
            "autoload": {
                "psr-4": {
                    "Http\\": "src/"
                }
            },
            "notification-url": "https://packagist.org/downloads/",
            "license": [
                "MIT"
            ],
            "authors": [
                {
                    "name": "Daniel Gelling",
                    "email": "info@danielgelling.nl"
                }
            ],
            "description": "Package with which you can easily perform HTTP requests in PHP",
            "time": "2016-01-25 14:20:50"
        }
    ],
    "packages-dev": [],
    "aliases": [],
    "minimum-stability": "stable",
    "stability-flags": {
        "danielgelling/http": 20
    },
    "prefer-stable": false,
    "prefer-lowest": false,
    "platform": {
        "php": ">=5.5.9"
    },
    "platform-dev": []
}
