{
    "_readme": [
        "This file locks the dependencies of your project to a known state",
        "Read more about it at https://getcomposer.org/doc/01-basic-usage.md#composer-lock-the-lock-file",
        "This file is @generated automatically"
    ],
    "hash": "ff4267b65302d6a36381852d077a75e5",
    "content-hash": "3ef861ab8c40777856a40f8fc964da5b",
    "packages": [
        {
            "name": "danielgelling/http",
            "version": "v0.2.21",
            "source": {
                "type": "git",
                "url": "https://github.com/danielgelling/http.git",
                "reference": "5ca67cf8eae1fa46744449c4ed0a35f35c363fd9"
            },
            "dist": {
                "type": "zip",
                "url": "https://api.github.com/repos/danielgelling/http/zipball/5ca67cf8eae1fa46744449c4ed0a35f35c363fd9",
                "reference": "5ca67cf8eae1fa46744449c4ed0a35f35c363fd9",
                "shasum": ""
            },
            "require": {
                "php": ">=5.5.9"
            },
            "type": "library",
            "autoload": {
                "psr-4": {
                    "Http\\": "src/"
                }
            },
            "notification-url": "https://packagist.org/downloads/",
            "license": [
                "MIT"
            ],
            "authors": [
                {
                    "name": "Daniel Gelling",
                    "email": "info@danielgelling.nl"
                }
            ],
            "description": "Package with which you can easily perform HTTP requests in PHP",
            "time": "2016-01-21 17:38:13"
        }
    ],
    "packages-dev": [],
    "aliases": [],
    "minimum-stability": "stable",
    "stability-flags": [],
    "prefer-stable": false,
    "prefer-lowest": false,
    "platform": {
        "php": ">=5.5.9"
    },
    "platform-dev": []
}
